
Microsoft Visual Studio Solution File, Format Version 12.00
# Visual Studio Version 17
VisualStudioVersion = 17.9.34622.214
MinimumVisualStudioVersion = 10.0.40219.1
Project("{2150E333-8FDC-42A3-9474-1A3956D46DE8}") = "src", "src", "{D7DC2C97-3C73-4FAE-A0B8-B3A28567F1F1}"
EndProject
Project("{2150E333-8FDC-42A3-9474-1A3956D46DE8}") = "Core", "Core", "{13BB53D1-7C12-414D-8FD6-038C99B97672}"
EndProject
Project("{2150E333-8FDC-42A3-9474-1A3956D46DE8}") = "test", "test", "{FDC9278C-36C3-4C47-931B-1CCF522ADD51}"
EndProject
Project("{2150E333-8FDC-42A3-9474-1A3956D46DE8}") = "Internal", "Internal", "{7B1E3BD3-CB54-44A9-9286-6F4981B87A31}"
EndProject
Project("{FAE04EC0-301F-11D3-BF4B-00C04F79EFBC}") = "Domain", "Domain\Domain.csproj", "{CDAA3156-E4D0-4DA3-987F-E59DA459B52F}"
EndProject
Project("{FAE04EC0-301F-11D3-BF4B-00C04F79EFBC}") = "Application", "Application\Application.csproj", "{DB8C6423-60DA-4552-9E5F-377FDF1DE1A8}"
EndProject
Global
	GlobalSection(SolutionConfigurationPlatforms) = preSolution
		Debug|Any CPU = Debug|Any CPU
		Release|Any CPU = Release|Any CPU
	EndGlobalSection
	GlobalSection(ProjectConfigurationPlatforms) = postSolution
		{CDAA3156-E4D0-4DA3-987F-E59DA459B52F}.Debug|Any CPU.ActiveCfg = Debug|Any CPU
		{CDAA3156-E4D0-4DA3-987F-E59DA459B52F}.Debug|Any CPU.Build.0 = Debug|Any CPU
		{CDAA3156-E4D0-4DA3-987F-E59DA459B52F}.Release|Any CPU.ActiveCfg = Release|Any CPU
		{CDAA3156-E4D0-4DA3-987F-E59DA459B52F}.Release|Any CPU.Build.0 = Release|Any CPU
		{DB8C6423-60DA-4552-9E5F-377FDF1DE1A8}.Debug|Any CPU.ActiveCfg = Debug|Any CPU
		{DB8C6423-60DA-4552-9E5F-377FDF1DE1A8}.Debug|Any CPU.Build.0 = Debug|Any CPU
		{DB8C6423-60DA-4552-9E5F-377FDF1DE1A8}.Release|Any CPU.ActiveCfg = Release|Any CPU
		{DB8C6423-60DA-4552-9E5F-377FDF1DE1A8}.Release|Any CPU.Build.0 = Release|Any CPU
	EndGlobalSection
	GlobalSection(SolutionProperties) = preSolution
		HideSolutionNode = FALSE
	EndGlobalSection
	GlobalSection(NestedProjects) = preSolution
		{13BB53D1-7C12-414D-8FD6-038C99B97672} = {D7DC2C97-3C73-4FAE-A0B8-B3A28567F1F1}
		{7B1E3BD3-CB54-44A9-9286-6F4981B87A31} = {D7DC2C97-3C73-4FAE-A0B8-B3A28567F1F1}
		{CDAA3156-E4D0-4DA3-987F-E59DA459B52F} = {13BB53D1-7C12-414D-8FD6-038C99B97672}
		{DB8C6423-60DA-4552-9E5F-377FDF1DE1A8} = {13BB53D1-7C12-414D-8FD6-038C99B97672}
	EndGlobalSection
	GlobalSection(ExtensibilityGlobals) = postSolution
		SolutionGuid = {37DB9FA6-6F4A-4D55-B2F3-3B1923424312}
	EndGlobalSection
EndGlobal
